// !$*UTF8*$!
{
	archiveVersion = 1;
	classes = {
	};
	objectVersion = 55;
	objects = {

/* Begin PBXBuildFile section */
		EE38CF8C28A9E257008E7266 /* main.c in Sources */ = {isa = PBXBuildFile; fileRef = EE38CF8B28A9E257008E7266 /* main.c */; };
		EE38CF9728A9E37F008E7266 /* HX_Link.c in Sources */ = {isa = PBXBuildFile; fileRef = EE38CF9628A9E37F008E7266 /* HX_Link.c */; };
		EE38CF9C28A9E80E008E7266 /* Questions.c in Sources */ = {isa = PBXBuildFile; fileRef = EE38CF9B28A9E80E008E7266 /* Questions.c */; };
		EE38CF9F28AB29FA008E7266 /* Sort.c in Sources */ = {isa = PBXBuildFile; fileRef = EE38CF9E28AB29FA008E7266 /* Sort.c */; };
		EE38CFA228B35ED6008E7266 /* StackToQueue.c in Sources */ = {isa = PBXBuildFile; fileRef = EE38CFA128B35ED6008E7266 /* StackToQueue.c */; };
/* End PBXBuildFile section */

/* Begin PBXCopyFilesBuildPhase section */
		EE38CF8628A9E257008E7266 /* CopyFiles */ = {
			isa = PBXCopyFilesBuildPhase;
			buildActionMask = 2147483647;
			dstPath = /usr/share/man/man1/;
			dstSubfolderSpec = 0;
			files = (
			);
			runOnlyForDeploymentPostprocessing = 1;
		};
/* End PBXCopyFilesBuildPhase section */

/* Begin PBXFileReference section */
		EE38CF8828A9E257008E7266 /* 算法C语言 */ = {isa = PBXFileReference; explicitFileType = "compiled.mach-o.executable"; includeInIndex = 0; path = "算法C语言"; sourceTree = BUILT_PRODUCTS_DIR; };
		EE38CF8B28A9E257008E7266 /* main.c */ = {isa = PBXFileReference; lastKnownFileType = sourcecode.c.c; path = main.c; sourceTree = "<group>"; };
		EE38CF9528A9E37F008E7266 /* HX_Link.h */ = {isa = PBXFileReference; fileEncoding = 4; lastKnownFileType = sourcecode.c.h; path = HX_Link.h; sourceTree = "<group>"; };
		EE38CF9628A9E37F008E7266 /* HX_Link.c */ = {isa = PBXFileReference; fileEncoding = 4; lastKnownFileType = sourcecode.c.c; path = HX_Link.c; sourceTree = "<group>"; };
		EE38CF9A28A9E80E008E7266 /* Questions.h */ = {isa = PBXFileReference; lastKnownFileType = sourcecode.c.h; path = Questions.h; sourceTree = "<group>"; };
		EE38CF9B28A9E80E008E7266 /* Questions.c */ = {isa = PBXFileReference; lastKnownFileType = sourcecode.c.c; path = Questions.c; sourceTree = "<group>"; };
		EE38CF9D28AB29FA008E7266 /* Sort.h */ = {isa = PBXFileReference; lastKnownFileType = sourcecode.c.h; path = Sort.h; sourceTree = "<group>"; };
		EE38CF9E28AB29FA008E7266 /* Sort.c */ = {isa = PBXFileReference; lastKnownFileType = sourcecode.c.c; path = Sort.c; sourceTree = "<group>"; };
		EE38CFA028B35ED6008E7266 /* StackToQueue.h */ = {isa = PBXFileReference; lastKnownFileType = sourcecode.c.h; path = StackToQueue.h; sourceTree = "<group>"; };
		EE38CFA128B35ED6008E7266 /* StackToQueue.c */ = {isa = PBXFileReference; lastKnownFileType = sourcecode.c.c; path = StackToQueue.c; sourceTree = "<group>"; };
/* End PBXFileReference section */

/* Begin PBXFrameworksBuildPhase section */
		EE38CF8528A9E257008E7266 /* Frameworks */ = {
			isa = PBXFrameworksBuildPhase;
			buildActionMask = 2147483647;
			files = (
			);
			runOnlyForDeploymentPostprocessing = 0;
		};
/* End PBXFrameworksBuildPhase section */

/* Begin PBXGroup section */
		EE38CF7F28A9E257008E7266 = {
			isa = PBXGroup;
			children = (
				EE38CF8A28A9E257008E7266 /* 算法C语言 */,
				EE38CF8928A9E257008E7266 /* Products */,
			);
			sourceTree = "<group>";
		};
		EE38CF8928A9E257008E7266 /* Products */ = {
			isa = PBXGroup;
			children = (
				EE38CF8828A9E257008E7266 /* 算法C语言 */,
			);
			name = Products;
			sourceTree = "<group>";
		};
		EE38CF8A28A9E257008E7266 /* 算法C语言 */ = {
			isa = PBXGroup;
			children = (
				EE38CF9428A9E350008E7266 /* 经典排序 */,
				EE38CF9328A9E343008E7266 /* 常用面试题 */,
				EE38CF9228A9E332008E7266 /* 链表 */,
				EE38CF8B28A9E257008E7266 /* main.c */,
			);
			path = "算法C语言";
			sourceTree = "<group>";
		};
		EE38CF9228A9E332008E7266 /* 链表 */ = {
			isa = PBXGroup;
			children = (
				EE38CF9628A9E37F008E7266 /* HX_Link.c */,
				EE38CF9528A9E37F008E7266 /* HX_Link.h */,
			);
			path = "链表";
			sourceTree = "<group>";
		};
		EE38CF9328A9E343008E7266 /* 常用面试题 */ = {
			isa = PBXGroup;
			children = (
				EE38CF9A28A9E80E008E7266 /* Questions.h */,
				EE38CF9B28A9E80E008E7266 /* Questions.c */,
				EE38CFA028B35ED6008E7266 /* StackToQueue.h */,
				EE38CFA128B35ED6008E7266 /* StackToQueue.c */,
			);
			path = "常用面试题";
			sourceTree = "<group>";
		};
		EE38CF9428A9E350008E7266 /* 经典排序 */ = {
			isa = PBXGroup;
			children = (
				EE38CF9D28AB29FA008E7266 /* Sort.h */,
				EE38CF9E28AB29FA008E7266 /* Sort.c */,
			);
			path = "经典排序";
			sourceTree = "<group>";
		};
/* End PBXGroup section */

/* Begin PBXNativeTarget section */
		EE38CF8728A9E257008E7266 /* 算法C语言 */ = {
			isa = PBXNativeTarget;
			buildConfigurationList = EE38CF8F28A9E257008E7266 /* Build configuration list for PBXNativeTarget "算法C语言" */;
			buildPhases = (
				EE38CF8428A9E257008E7266 /* Sources */,
				EE38CF8528A9E257008E7266 /* Frameworks */,
				EE38CF8628A9E257008E7266 /* CopyFiles */,
			);
			buildRules = (
			);
			dependencies = (
			);
			name = "算法C语言";
			productName = "算法C语言";
			productReference = EE38CF8828A9E257008E7266 /* 算法C语言 */;
			productType = "com.apple.product-type.tool";
		};
/* End PBXNativeTarget section */

/* Begin PBXProject section */
		EE38CF8028A9E257008E7266 /* Project object */ = {
			isa = PBXProject;
			attributes = {
				BuildIndependentTargetsInParallel = 1;
				LastUpgradeCheck = 1320;
				TargetAttributes = {
					EE38CF8728A9E257008E7266 = {
						CreatedOnToolsVersion = 13.2.1;
					};
				};
			};
			buildConfigurationList = EE38CF8328A9E257008E7266 /* Build configuration list for PBXProject "算法C语言" */;
			compatibilityVersion = "Xcode 13.0";
			developmentRegion = en;
			hasScannedForEncodings = 0;
			knownRegions = (
				en,
				Base,
			);
			mainGroup = EE38CF7F28A9E257008E7266;
			productRefGroup = EE38CF8928A9E257008E7266 /* Products */;
			projectDirPath = "";
			projectRoot = "";
			targets = (
				EE38CF8728A9E257008E7266 /* 算法C语言 */,
			);
		};
/* End PBXProject section */

/* Begin PBXSourcesBuildPhase section */
		EE38CF8428A9E257008E7266 /* Sources */ = {
			isa = PBXSourcesBuildPhase;
			buildActionMask = 2147483647;
			files = (
				EE38CF8C28A9E257008E7266 /* main.c in Sources */,
				EE38CF9728A9E37F008E7266 /* HX_Link.c in Sources */,
				EE38CFA228B35ED6008E7266 /* StackToQueue.c in Sources */,
				EE38CF9C28A9E80E008E7266 /* Questions.c in Sources */,
				EE38CF9F28AB29FA008E7266 /* Sort.c in Sources */,
			);
			runOnlyForDeploymentPostprocessing = 0;
		};
/* End PBXSourcesBuildPhase section */

/* Begin XCBuildConfiguration section */
		EE38CF8D28A9E257008E7266 /* Debug */ = {
			isa = XCBuildConfiguration;
			buildSettings = {
				ALWAYS_SEARCH_USER_PATHS = NO;
				CLANG_ANALYZER_NONNULL = YES;
				CLANG_ANALYZER_NUMBER_OBJECT_CONVERSION = YES_AGGRESSIVE;
				CLANG_CXX_LANGUAGE_STANDARD = "gnu++17";
				CLANG_CXX_LIBRARY = "libc++";
				CLANG_ENABLE_MODULES = YES;
				CLANG_ENABLE_OBJC_ARC = YES;
				CLANG_ENABLE_OBJC_WEAK = YES;
				CLANG_WARN_BLOCK_CAPTURE_AUTORELEASING = YES;
				CLANG_WARN_BOOL_CONVERSION = YES;
				CLANG_WARN_COMMA = YES;
				CLANG_WARN_CONSTANT_CONVERSION = YES;
				CLANG_WARN_DEPRECATED_OBJC_IMPLEMENTATIONS = YES;
				CLANG_WARN_DIRECT_OBJC_ISA_USAGE = YES_ERROR;
				CLANG_WARN_DOCUMENTATION_COMMENTS = YES;
				CLANG_WARN_EMPTY_BODY = YES;
				CLANG_WARN_ENUM_CONVERSION = YES;
				CLANG_WARN_INFINITE_RECURSION = YES;
				CLANG_WARN_INT_CONVERSION = YES;
				CLANG_WARN_NON_LITERAL_NULL_CONVERSION = YES;
				CLANG_WARN_OBJC_IMPLICIT_RETAIN_SELF = YES;
				CLANG_WARN_OBJC_LITERAL_CONVERSION = YES;
				CLANG_WARN_OBJC_ROOT_CLASS = YES_ERROR;
				CLANG_WARN_QUOTED_INCLUDE_IN_FRAMEWORK_HEADER = YES;
				CLANG_WARN_RANGE_LOOP_ANALYSIS = YES;
				CLANG_WARN_STRICT_PROTOTYPES = YES;
				CLANG_WARN_SUSPICIOUS_MOVE = YES;
				CLANG_WARN_UNGUARDED_AVAILABILITY = YES_AGGRESSIVE;
				CLANG_WARN_UNREACHABLE_CODE = YES;
				CLANG_WARN__DUPLICATE_METHOD_MATCH = YES;
				COPY_PHASE_STRIP = NO;
				DEBUG_INFORMATION_FORMAT = dwarf;
				ENABLE_STRICT_OBJC_MSGSEND = YES;
				ENABLE_TESTABILITY = YES;
				GCC_C_LANGUAGE_STANDARD = gnu11;
				GCC_DYNAMIC_NO_PIC = NO;
				GCC_NO_COMMON_BLOCKS = YES;
				GCC_OPTIMIZATION_LEVEL = 0;
				GCC_PREPROCESSOR_DEFINITIONS = (
					"DEBUG=1",
					"$(inherited)",
				);
				GCC_WARN_64_TO_32_BIT_CONVERSION = YES;
				GCC_WARN_ABOUT_RETURN_TYPE = YES_ERROR;
				GCC_WARN_UNDECLARED_SELECTOR = YES;
				GCC_WARN_UNINITIALIZED_AUTOS = YES_AGGRESSIVE;
				GCC_WARN_UNUSED_FUNCTION = YES;
				GCC_WARN_UNUSED_VARIABLE = YES;
				MACOSX_DEPLOYMENT_TARGET = 11.6;
				MTL_ENABLE_DEBUG_INFO = INCLUDE_SOURCE;
				MTL_FAST_MATH = YES;
				ONLY_ACTIVE_ARCH = YES;
				SDKROOT = macosx;
			};
			name = Debug;
		};
		EE38CF8E28A9E257008E7266 /* Release */ = {
			isa = XCBuildConfiguration;
			buildSettings = {
				ALWAYS_SEARCH_USER_PATHS = NO;
				CLANG_ANALYZER_NONNULL = YES;
				CLANG_ANALYZER_NUMBER_OBJECT_CONVERSION = YES_AGGRESSIVE;
				CLANG_CXX_LANGUAGE_STANDARD = "gnu++17";
				CLANG_CXX_LIBRARY = "libc++";
				CLANG_ENABLE_MODULES = YES;
				CLANG_ENABLE_OBJC_ARC = YES;
				CLANG_ENABLE_OBJC_WEAK = YES;
				CLANG_WARN_BLOCK_CAPTURE_AUTORELEASING = YES;
				CLANG_WARN_BOOL_CONVERSION = YES;
				CLANG_WARN_COMMA = YES;
				CLANG_WARN_CONSTANT_CONVERSION = YES;
				CLANG_WARN_DEPRECATED_OBJC_IMPLEMENTATIONS = YES;
				CLANG_WARN_DIRECT_OBJC_ISA_USAGE = YES_ERROR;
				CLANG_WARN_DOCUMENTATION_COMMENTS = YES;
				CLANG_WARN_EMPTY_BODY = YES;
				CLANG_WARN_ENUM_CONVERSION = YES;
				CLANG_WARN_INFINITE_RECURSION = YES;
				CLANG_WARN_INT_CONVERSION = YES;
				CLANG_WARN_NON_LITERAL_NULL_CONVERSION = YES;
				CLANG_WARN_OBJC_IMPLICIT_RETAIN_SELF = YES;
				CLANG_WARN_OBJC_LITERAL_CONVERSION = YES;
				CLANG_WARN_OBJC_ROOT_CLASS = YES_ERROR;
				CLANG_WARN_QUOTED_INCLUDE_IN_FRAMEWORK_HEADER = YES;
				CLANG_WARN_RANGE_LOOP_ANALYSIS = YES;
				CLANG_WARN_STRICT_PROTOTYPES = YES;
				CLANG_WARN_SUSPICIOUS_MOVE = YES;
				CLANG_WARN_UNGUARDED_AVAILABILITY = YES_AGGRESSIVE;
				CLANG_WARN_UNREACHABLE_CODE = YES;
				CLANG_WARN__DUPLICATE_METHOD_MATCH = YES;
				COPY_PHASE_STRIP = NO;
				DEBUG_INFORMATION_FORMAT = "dwarf-with-dsym";
				ENABLE_NS_ASSERTIONS = NO;
				ENABLE_STRICT_OBJC_MSGSEND = YES;
				GCC_C_LANGUAGE_STANDARD = gnu11;
				GCC_NO_COMMON_BLOCKS = YES;
				GCC_WARN_64_TO_32_BIT_CONVERSION = YES;
				GCC_WARN_ABOUT_RETURN_TYPE = YES_ERROR;
				GCC_WARN_UNDECLARED_SELECTOR = YES;
				GCC_WARN_UNINITIALIZED_AUTOS = YES_AGGRESSIVE;
				GCC_WARN_UNUSED_FUNCTION = YES;
				GCC_WARN_UNUSED_VARIABLE = YES;
				MACOSX_DEPLOYMENT_TARGET = 11.6;
				MTL_ENABLE_DEBUG_INFO = NO;
				MTL_FAST_MATH = YES;
				SDKROOT = macosx;
			};
			name = Release;
		};
		EE38CF9028A9E257008E7266 /* Debug */ = {
			isa = XCBuildConfiguration;
			buildSettings = {
				CODE_SIGN_IDENTITY = "-";
				CODE_SIGN_STYLE = Automatic;
				DEVELOPMENT_TEAM = 8GYTW3DY5G;
				ENABLE_HARDENED_RUNTIME = YES;
				PRODUCT_NAME = "$(TARGET_NAME)";
			};
			name = Debug;
		};
		EE38CF9128A9E257008E7266 /* Release */ = {
			isa = XCBuildConfiguration;
			buildSettings = {
				CODE_SIGN_IDENTITY = "-";
				CODE_SIGN_STYLE = Automatic;
				DEVELOPMENT_TEAM = 8GYTW3DY5G;
				ENABLE_HARDENED_RUNTIME = YES;
				PRODUCT_NAME = "$(TARGET_NAME)";
			};
			name = Release;
		};
/* End XCBuildConfiguration section */

/* Begin XCConfigurationList section */
		EE38CF8328A9E257008E7266 /* Build configuration list for PBXProject "算法C语言" */ = {
			isa = XCConfigurationList;
			buildConfigurations = (
				EE38CF8D28A9E257008E7266 /* Debug */,
				EE38CF8E28A9E257008E7266 /* Release */,
			);
			defaultConfigurationIsVisible = 0;
			defaultConfigurationName = Release;
		};
		EE38CF8F28A9E257008E7266 /* Build configuration list for PBXNativeTarget "算法C语言" */ = {
			isa = XCConfigurationList;
			buildConfigurations = (
				EE38CF9028A9E257008E7266 /* Debug */,
				EE38CF9128A9E257008E7266 /* Release */,
			);
			defaultConfigurationIsVisible = 0;
			defaultConfigurationName = Release;
		};
/* End XCConfigurationList section */
	};
	rootObject = EE38CF8028A9E257008E7266 /* Project object */;
}
